// !$*UTF8*$!
{
	archiveVersion = 1;
	classes = {
	};
	objectVersion = 56;
	objects = {

/* Begin PBXBuildFile section */
		00274BA228F6D38400EC2D91 /* MainView.swift in Sources */ = {isa = PBXBuildFile; fileRef = 00274BA128F6D38400EC2D91 /* MainView.swift */; };
		00274BA428F6D7A500EC2D91 /* StationListView.swift in Sources */ = {isa = PBXBuildFile; fileRef = 00274BA328F6D7A500EC2D91 /* StationListView.swift */; };
		00274BA628F7142B00EC2D91 /* StationSummary.swift in Sources */ = {isa = PBXBuildFile; fileRef = 00274BA528F7142B00EC2D91 /* StationSummary.swift */; };
		00274BA928F714A900EC2D91 /* TidesService.swift in Sources */ = {isa = PBXBuildFile; fileRef = 00274BA828F714A900EC2D91 /* TidesService.swift */; };
		00274BAB28F7151300EC2D91 /* Coordinate.swift in Sources */ = {isa = PBXBuildFile; fileRef = 00274BAA28F7151300EC2D91 /* Coordinate.swift */; };
		00274BAD28F7160600EC2D91 /* MareaTidesService.swift in Sources */ = {isa = PBXBuildFile; fileRef = 00274BAC28F7160600EC2D91 /* MareaTidesService.swift */; };
		0058196128FC73B40060597D /* MainViewModel.swift in Sources */ = {isa = PBXBuildFile; fileRef = 0058196028FC73B40060597D /* MainViewModel.swift */; };
		0058196328FDB7E40060597D /* ViewFactory.swift in Sources */ = {isa = PBXBuildFile; fileRef = 0058196228FDB7E40060597D /* ViewFactory.swift */; };
		0058196528FDBB9E0060597D /* StationListViewFactory.swift in Sources */ = {isa = PBXBuildFile; fileRef = 0058196428FDBB9E0060597D /* StationListViewFactory.swift */; };
		0058196728FEF5920060597D /* EnvironmentValues.swift in Sources */ = {isa = PBXBuildFile; fileRef = 0058196628FEF5920060597D /* EnvironmentValues.swift */; };
		0058196928FEFB170060597D /* ViewFactory+Preview.swift in Sources */ = {isa = PBXBuildFile; fileRef = 0058196828FEFB170060597D /* ViewFactory+Preview.swift */; };
		0058196B28FEFC8F0060597D /* Binding+Stub.swift in Sources */ = {isa = PBXBuildFile; fileRef = 0058196A28FEFC8F0060597D /* Binding+Stub.swift */; };
		0058196D28FF0A7F0060597D /* TidesPrediction.swift in Sources */ = {isa = PBXBuildFile; fileRef = 0058196C28FF0A7F0060597D /* TidesPrediction.swift */; };
		005891BA28DF75AA004E5346 /* CLAuthorizationStatus+CustomDebugStringConvertible.swift in Sources */ = {isa = PBXBuildFile; fileRef = 005891B928DF75AA004E5346 /* CLAuthorizationStatus+CustomDebugStringConvertible.swift */; };
		0060009F28DF69EC00B1CCD5 /* TidesApp.swift in Sources */ = {isa = PBXBuildFile; fileRef = 0060009E28DF69EC00B1CCD5 /* TidesApp.swift */; };
		006000A328DF69EF00B1CCD5 /* Assets.xcassets in Resources */ = {isa = PBXBuildFile; fileRef = 006000A228DF69EF00B1CCD5 /* Assets.xcassets */; };
		006000A628DF69EF00B1CCD5 /* Preview Assets.xcassets in Resources */ = {isa = PBXBuildFile; fileRef = 006000A528DF69EF00B1CCD5 /* Preview Assets.xcassets */; };
		006000B028DF69EF00B1CCD5 /* TidesTests.swift in Sources */ = {isa = PBXBuildFile; fileRef = 006000AF28DF69EF00B1CCD5 /* TidesTests.swift */; };
		0077DBB228E05D2E00F9DB2C /* CoreLocationService.swift in Sources */ = {isa = PBXBuildFile; fileRef = 0077DBB128E05D2E00F9DB2C /* CoreLocationService.swift */; };
		0077DBB828E319A800F9DB2C /* ListStations.swift in Sources */ = {isa = PBXBuildFile; fileRef = 0077DBB728E319A800F9DB2C /* ListStations.swift */; };
		0077DBBB28E31F0B00F9DB2C /* Bricolage in Frameworks */ = {isa = PBXBuildFile; productRef = 0077DBBA28E31F0B00F9DB2C /* Bricolage */; };
		008E2CA228F6CC5800E8A879 /* TidesPredictionView.swift in Sources */ = {isa = PBXBuildFile; fileRef = 008E2CA128F6CC5800E8A879 /* TidesPredictionView.swift */; };
		008E836428F7559E00F0271C /* Preview.swift in Sources */ = {isa = PBXBuildFile; fileRef = 008E836328F7559E00F0271C /* Preview.swift */; };
		008E836628F755BB00F0271C /* TouchGestureModifier.swift in Sources */ = {isa = PBXBuildFile; fileRef = 008E836528F755BB00F0271C /* TouchGestureModifier.swift */; };
		00B992D828E4A8CF00D1D61C /* StationListItemView.swift in Sources */ = {isa = PBXBuildFile; fileRef = 00B992D728E4A8CF00D1D61C /* StationListItemView.swift */; };
		00B992DA28E5DDD300D1D61C /* v2-stations.json in Resources */ = {isa = PBXBuildFile; fileRef = 00B992D928E5DDD300D1D61C /* v2-stations.json */; };
		00B992DC28E5E37600D1D61C /* GetStation.swift in Sources */ = {isa = PBXBuildFile; fileRef = 00B992DB28E5E37600D1D61C /* GetStation.swift */; };
		00B992DE28E5EA2800D1D61C /* GetTides.swift in Sources */ = {isa = PBXBuildFile; fileRef = 00B992DD28E5EA2800D1D61C /* GetTides.swift */; };
		00E2D5AE28F847F800739737 /* LocationService.swift in Sources */ = {isa = PBXBuildFile; fileRef = 00E2D5AD28F847F800739737 /* LocationService.swift */; };
		00E2D5B228F85A8C00739737 /* v2-stations-NOAA-9415112.json in Resources */ = {isa = PBXBuildFile; fileRef = 00E2D5B128F85A8C00739737 /* v2-stations-NOAA-9415112.json */; };
		00E2D5B428F85B6E00739737 /* Station.swift in Sources */ = {isa = PBXBuildFile; fileRef = 00E2D5B328F85B6E00739737 /* Station.swift */; };
		00E2D5B628F85DDA00739737 /* v2-tides-model.json in Resources */ = {isa = PBXBuildFile; fileRef = 00E2D5B528F85DDA00739737 /* v2-tides-model.json */; };
		00E2D5B828F85FAC00739737 /* v2-tides-station.json in Resources */ = {isa = PBXBuildFile; fileRef = 00E2D5B728F85FAC00739737 /* v2-tides-station.json */; };
		00E2D5BB28F9C92C00739737 /* StationListViewModel.swift in Sources */ = {isa = PBXBuildFile; fileRef = 00E2D5BA28F9C92B00739737 /* StationListViewModel.swift */; };
		00F0544428E3218100BFB13A /* Marea.swift in Sources */ = {isa = PBXBuildFile; fileRef = 00F0544328E3218100BFB13A /* Marea.swift */; };
		00F70CA728FAE4D700B4BFF6 /* View+When.swift in Sources */ = {isa = PBXBuildFile; fileRef = 00F70CA628FAE4D700B4BFF6 /* View+When.swift */; };
		00F70CB228FC32FF00B4BFF6 /* PresentableError.swift in Sources */ = {isa = PBXBuildFile; fileRef = 00F70CB128FC32FF00B4BFF6 /* PresentableError.swift */; };
		00F70CB428FC338400B4BFF6 /* PresentableError+EndpointError.swift in Sources */ = {isa = PBXBuildFile; fileRef = 00F70CB328FC338400B4BFF6 /* PresentableError+EndpointError.swift */; };
		00F70CB628FC372700B4BFF6 /* View+Unwrap.swift in Sources */ = {isa = PBXBuildFile; fileRef = 00F70CB528FC372700B4BFF6 /* View+Unwrap.swift */; };
/* End PBXBuildFile section */

/* Begin PBXContainerItemProxy section */
		006000AC28DF69EF00B1CCD5 /* PBXContainerItemProxy */ = {
			isa = PBXContainerItemProxy;
			containerPortal = 0060009328DF69EC00B1CCD5 /* Project object */;
			proxyType = 1;
			remoteGlobalIDString = 0060009A28DF69EC00B1CCD5;
			remoteInfo = Tides;
		};
/* End PBXContainerItemProxy section */

/* Begin PBXFileReference section */
		00274BA128F6D38400EC2D91 /* MainView.swift */ = {isa = PBXFileReference; lastKnownFileType = sourcecode.swift; path = MainView.swift; sourceTree = "<group>"; };
		00274BA328F6D7A500EC2D91 /* StationListView.swift */ = {isa = PBXFileReference; lastKnownFileType = sourcecode.swift; path = StationListView.swift; sourceTree = "<group>"; };
		00274BA528F7142B00EC2D91 /* StationSummary.swift */ = {isa = PBXFileReference; lastKnownFileType = sourcecode.swift; path = StationSummary.swift; sourceTree = "<group>"; };
		00274BA828F714A900EC2D91 /* TidesService.swift */ = {isa = PBXFileReference; lastKnownFileType = sourcecode.swift; path = TidesService.swift; sourceTree = "<group>"; };
		00274BAA28F7151300EC2D91 /* Coordinate.swift */ = {isa = PBXFileReference; lastKnownFileType = sourcecode.swift; path = Coordinate.swift; sourceTree = "<group>"; };
		00274BAC28F7160600EC2D91 /* MareaTidesService.swift */ = {isa = PBXFileReference; lastKnownFileType = sourcecode.swift; path = MareaTidesService.swift; sourceTree = "<group>"; };
		0058196028FC73B40060597D /* MainViewModel.swift */ = {isa = PBXFileReference; lastKnownFileType = sourcecode.swift; path = MainViewModel.swift; sourceTree = "<group>"; };
		0058196228FDB7E40060597D /* ViewFactory.swift */ = {isa = PBXFileReference; lastKnownFileType = sourcecode.swift; path = ViewFactory.swift; sourceTree = "<group>"; };
		0058196428FDBB9E0060597D /* StationListViewFactory.swift */ = {isa = PBXFileReference; lastKnownFileType = sourcecode.swift; path = StationListViewFactory.swift; sourceTree = "<group>"; };
		0058196628FEF5920060597D /* EnvironmentValues.swift */ = {isa = PBXFileReference; lastKnownFileType = sourcecode.swift; path = EnvironmentValues.swift; sourceTree = "<group>"; };
		0058196828FEFB170060597D /* ViewFactory+Preview.swift */ = {isa = PBXFileReference; lastKnownFileType = sourcecode.swift; path = "ViewFactory+Preview.swift"; sourceTree = "<group>"; };
		0058196A28FEFC8F0060597D /* Binding+Stub.swift */ = {isa = PBXFileReference; lastKnownFileType = sourcecode.swift; path = "Binding+Stub.swift"; sourceTree = "<group>"; };
		0058196C28FF0A7F0060597D /* TidesPrediction.swift */ = {isa = PBXFileReference; lastKnownFileType = sourcecode.swift; path = TidesPrediction.swift; sourceTree = "<group>"; };
		005891B928DF75AA004E5346 /* CLAuthorizationStatus+CustomDebugStringConvertible.swift */ = {isa = PBXFileReference; lastKnownFileType = sourcecode.swift; path = "CLAuthorizationStatus+CustomDebugStringConvertible.swift"; sourceTree = "<group>"; };
		0060009B28DF69EC00B1CCD5 /* Tides.app */ = {isa = PBXFileReference; explicitFileType = wrapper.application; includeInIndex = 0; path = Tides.app; sourceTree = BUILT_PRODUCTS_DIR; };
		0060009E28DF69EC00B1CCD5 /* TidesApp.swift */ = {isa = PBXFileReference; lastKnownFileType = sourcecode.swift; path = TidesApp.swift; sourceTree = "<group>"; };
		006000A228DF69EF00B1CCD5 /* Assets.xcassets */ = {isa = PBXFileReference; lastKnownFileType = folder.assetcatalog; path = Assets.xcassets; sourceTree = "<group>"; };
		006000A528DF69EF00B1CCD5 /* Preview Assets.xcassets */ = {isa = PBXFileReference; lastKnownFileType = folder.assetcatalog; path = "Preview Assets.xcassets"; sourceTree = "<group>"; };
		006000AB28DF69EF00B1CCD5 /* TidesTests.xctest */ = {isa = PBXFileReference; explicitFileType = wrapper.cfbundle; includeInIndex = 0; path = TidesTests.xctest; sourceTree = BUILT_PRODUCTS_DIR; };
		006000AF28DF69EF00B1CCD5 /* TidesTests.swift */ = {isa = PBXFileReference; lastKnownFileType = sourcecode.swift; path = TidesTests.swift; sourceTree = "<group>"; };
		006000B928DF69EF00B1CCD5 /* TidesUITests.swift */ = {isa = PBXFileReference; lastKnownFileType = sourcecode.swift; path = TidesUITests.swift; sourceTree = "<group>"; };
		006000BB28DF69EF00B1CCD5 /* TidesUITestsLaunchTests.swift */ = {isa = PBXFileReference; lastKnownFileType = sourcecode.swift; path = TidesUITestsLaunchTests.swift; sourceTree = "<group>"; };
		00705E3028E389C800EFEDF7 /* Bricolage */ = {isa = PBXFileReference; lastKnownFileType = wrapper; name = Bricolage; path = ../../Bricolage; sourceTree = "<group>"; };
		007192F0290016620069B665 /* README.md */ = {isa = PBXFileReference; lastKnownFileType = net.daringfireball.markdown; path = README.md; sourceTree = "<group>"; };
		0077DBB128E05D2E00F9DB2C /* CoreLocationService.swift */ = {isa = PBXFileReference; lastKnownFileType = sourcecode.swift; path = CoreLocationService.swift; sourceTree = "<group>"; };
		0077DBB728E319A800F9DB2C /* ListStations.swift */ = {isa = PBXFileReference; lastKnownFileType = sourcecode.swift; path = ListStations.swift; sourceTree = "<group>"; };
		008E2CA128F6CC5800E8A879 /* TidesPredictionView.swift */ = {isa = PBXFileReference; lastKnownFileType = sourcecode.swift; path = TidesPredictionView.swift; sourceTree = "<group>"; };
		008E836328F7559E00F0271C /* Preview.swift */ = {isa = PBXFileReference; lastKnownFileType = sourcecode.swift; path = Preview.swift; sourceTree = "<group>"; };
		008E836528F755BB00F0271C /* TouchGestureModifier.swift */ = {isa = PBXFileReference; lastKnownFileType = sourcecode.swift; path = TouchGestureModifier.swift; sourceTree = "<group>"; };
		00B992D728E4A8CF00D1D61C /* StationListItemView.swift */ = {isa = PBXFileReference; lastKnownFileType = sourcecode.swift; path = StationListItemView.swift; sourceTree = "<group>"; };
		00B992D928E5DDD300D1D61C /* v2-stations.json */ = {isa = PBXFileReference; fileEncoding = 4; lastKnownFileType = text.json; path = "v2-stations.json"; sourceTree = "<group>"; };
		00B992DB28E5E37600D1D61C /* GetStation.swift */ = {isa = PBXFileReference; lastKnownFileType = sourcecode.swift; path = GetStation.swift; sourceTree = "<group>"; };
		00B992DD28E5EA2800D1D61C /* GetTides.swift */ = {isa = PBXFileReference; lastKnownFileType = sourcecode.swift; path = GetTides.swift; sourceTree = "<group>"; };
		00E2D5AD28F847F800739737 /* LocationService.swift */ = {isa = PBXFileReference; lastKnownFileType = sourcecode.swift; path = LocationService.swift; sourceTree = "<group>"; };
		00E2D5B128F85A8C00739737 /* v2-stations-NOAA-9415112.json */ = {isa = PBXFileReference; lastKnownFileType = text.json; path = "v2-stations-NOAA-9415112.json"; sourceTree = "<group>"; };
		00E2D5B328F85B6E00739737 /* Station.swift */ = {isa = PBXFileReference; lastKnownFileType = sourcecode.swift; path = Station.swift; sourceTree = "<group>"; };
		00E2D5B528F85DDA00739737 /* v2-tides-model.json */ = {isa = PBXFileReference; lastKnownFileType = text.json; path = "v2-tides-model.json"; sourceTree = "<group>"; };
		00E2D5B728F85FAC00739737 /* v2-tides-station.json */ = {isa = PBXFileReference; lastKnownFileType = text.json; path = "v2-tides-station.json"; sourceTree = "<group>"; };
		00E2D5BA28F9C92B00739737 /* StationListViewModel.swift */ = {isa = PBXFileReference; lastKnownFileType = sourcecode.swift; path = StationListViewModel.swift; sourceTree = "<group>"; };
		00F0544328E3218100BFB13A /* Marea.swift */ = {isa = PBXFileReference; lastKnownFileType = sourcecode.swift; path = Marea.swift; sourceTree = "<group>"; };
		00F70CA628FAE4D700B4BFF6 /* View+When.swift */ = {isa = PBXFileReference; lastKnownFileType = sourcecode.swift; path = "View+When.swift"; sourceTree = "<group>"; };
		00F70CB128FC32FF00B4BFF6 /* PresentableError.swift */ = {isa = PBXFileReference; lastKnownFileType = sourcecode.swift; path = PresentableError.swift; sourceTree = "<group>"; };
		00F70CB328FC338400B4BFF6 /* PresentableError+EndpointError.swift */ = {isa = PBXFileReference; lastKnownFileType = sourcecode.swift; path = "PresentableError+EndpointError.swift"; sourceTree = "<group>"; };
		00F70CB528FC372700B4BFF6 /* View+Unwrap.swift */ = {isa = PBXFileReference; lastKnownFileType = sourcecode.swift; path = "View+Unwrap.swift"; sourceTree = "<group>"; };
/* End PBXFileReference section */

/* Begin PBXFrameworksBuildPhase section */
		0060009828DF69EC00B1CCD5 /* Frameworks */ = {
			isa = PBXFrameworksBuildPhase;
			buildActionMask = 2147483647;
			files = (
				0077DBBB28E31F0B00F9DB2C /* Bricolage in Frameworks */,
			);
			runOnlyForDeploymentPostprocessing = 0;
		};
		006000A828DF69EF00B1CCD5 /* Frameworks */ = {
			isa = PBXFrameworksBuildPhase;
			buildActionMask = 2147483647;
			files = (
			);
			runOnlyForDeploymentPostprocessing = 0;
		};
/* End PBXFrameworksBuildPhase section */

/* Begin PBXGroup section */
		00274BA728F7144C00EC2D91 /* Domain */ = {
			isa = PBXGroup;
			children = (
				00E2D5AF28F8484800739737 /* Services */,
				00E2D5B028F8485800739737 /* Models */,
			);
			path = Domain;
			sourceTree = "<group>";
		};
		0058195D28FC3D7F0060597D /* Helpers */ = {
			isa = PBXGroup;
			children = (
				0058196628FEF5920060597D /* EnvironmentValues.swift */,
				008E836528F755BB00F0271C /* TouchGestureModifier.swift */,
				00F70CA628FAE4D700B4BFF6 /* View+When.swift */,
				00F70CB528FC372700B4BFF6 /* View+Unwrap.swift */,
			);
			path = Helpers;
			sourceTree = "<group>";
		};
		0060009228DF69EC00B1CCD5 = {
			isa = PBXGroup;
			children = (
				007192F0290016620069B665 /* README.md */,
				00705E2F28E389C800EFEDF7 /* Packages */,
				0060009D28DF69EC00B1CCD5 /* Tides */,
				006000AE28DF69EF00B1CCD5 /* TidesTests */,
				006000B828DF69EF00B1CCD5 /* TidesUITests */,
				0060009C28DF69EC00B1CCD5 /* Products */,
			);
			sourceTree = "<group>";
		};
		0060009C28DF69EC00B1CCD5 /* Products */ = {
			isa = PBXGroup;
			children = (
				0060009B28DF69EC00B1CCD5 /* Tides.app */,
				006000AB28DF69EF00B1CCD5 /* TidesTests.xctest */,
			);
			name = Products;
			sourceTree = "<group>";
		};
		0060009D28DF69EC00B1CCD5 /* Tides */ = {
			isa = PBXGroup;
			children = (
				0058196228FDB7E40060597D /* ViewFactory.swift */,
				0058196428FDBB9E0060597D /* StationListViewFactory.swift */,
				00274BA128F6D38400EC2D91 /* MainView.swift */,
				0058196028FC73B40060597D /* MainViewModel.swift */,
				00F70CB128FC32FF00B4BFF6 /* PresentableError.swift */,
				00F70CB328FC338400B4BFF6 /* PresentableError+EndpointError.swift */,
				00B992D728E4A8CF00D1D61C /* StationListItemView.swift */,
				00274BA328F6D7A500EC2D91 /* StationListView.swift */,
				00E2D5BA28F9C92B00739737 /* StationListViewModel.swift */,
				0060009E28DF69EC00B1CCD5 /* TidesApp.swift */,
				008E2CA128F6CC5800E8A879 /* TidesPredictionView.swift */,
				006000A228DF69EF00B1CCD5 /* Assets.xcassets */,
				00B992D628E4A8AE00D1D61C /* CoreLocationService */,
				00274BA728F7144C00EC2D91 /* Domain */,
				0058195D28FC3D7F0060597D /* Helpers */,
				00F0544528E32AD800BFB13A /* MareaTidesService */,
				006000A428DF69EF00B1CCD5 /* Preview Content */,
			);
			path = Tides;
			sourceTree = "<group>";
		};
		006000A428DF69EF00B1CCD5 /* Preview Content */ = {
			isa = PBXGroup;
			children = (
				006000A528DF69EF00B1CCD5 /* Preview Assets.xcassets */,
				0058196A28FEFC8F0060597D /* Binding+Stub.swift */,
				008E836328F7559E00F0271C /* Preview.swift */,
				0058196828FEFB170060597D /* ViewFactory+Preview.swift */,
			);
			path = "Preview Content";
			sourceTree = "<group>";
		};
		006000AE28DF69EF00B1CCD5 /* TidesTests */ = {
			isa = PBXGroup;
			children = (
				006000AF28DF69EF00B1CCD5 /* TidesTests.swift */,
			);
			path = TidesTests;
			sourceTree = "<group>";
		};
		006000B828DF69EF00B1CCD5 /* TidesUITests */ = {
			isa = PBXGroup;
			children = (
				006000B928DF69EF00B1CCD5 /* TidesUITests.swift */,
				006000BB28DF69EF00B1CCD5 /* TidesUITestsLaunchTests.swift */,
			);
			path = TidesUITests;
			sourceTree = "<group>";
		};
		00705E2F28E389C800EFEDF7 /* Packages */ = {
			isa = PBXGroup;
			children = (
				00705E3028E389C800EFEDF7 /* Bricolage */,
			);
			name = Packages;
			sourceTree = "<group>";
		};
		00B992D628E4A8AE00D1D61C /* CoreLocationService */ = {
			isa = PBXGroup;
			children = (
				0077DBB128E05D2E00F9DB2C /* CoreLocationService.swift */,
				005891B928DF75AA004E5346 /* CLAuthorizationStatus+CustomDebugStringConvertible.swift */,
			);
			path = CoreLocationService;
			sourceTree = "<group>";
		};
		00E2D5AF28F8484800739737 /* Services */ = {
			isa = PBXGroup;
			children = (
				00E2D5AD28F847F800739737 /* LocationService.swift */,
				00274BA828F714A900EC2D91 /* TidesService.swift */,
			);
			path = Services;
			sourceTree = "<group>";
		};
		00E2D5B028F8485800739737 /* Models */ = {
			isa = PBXGroup;
			children = (
				00274BAA28F7151300EC2D91 /* Coordinate.swift */,
				00E2D5B328F85B6E00739737 /* Station.swift */,
				00274BA528F7142B00EC2D91 /* StationSummary.swift */,
				0058196C28FF0A7F0060597D /* TidesPrediction.swift */,
			);
			path = Models;
			sourceTree = "<group>";
		};
		00E2D5B928F878EF00739737 /* MareaAPI */ = {
			isa = PBXGroup;
			children = (
				00E2D5B128F85A8C00739737 /* v2-stations-NOAA-9415112.json */,
				00B992D928E5DDD300D1D61C /* v2-stations.json */,
				00E2D5B528F85DDA00739737 /* v2-tides-model.json */,
				00E2D5B728F85FAC00739737 /* v2-tides-station.json */,
				00B992DB28E5E37600D1D61C /* GetStation.swift */,
				00B992DD28E5EA2800D1D61C /* GetTides.swift */,
				0077DBB728E319A800F9DB2C /* ListStations.swift */,
				00F0544328E3218100BFB13A /* Marea.swift */,
			);
			path = MareaAPI;
			sourceTree = "<group>";
		};
		00F0544528E32AD800BFB13A /* MareaTidesService */ = {
			isa = PBXGroup;
			children = (
				00E2D5B928F878EF00739737 /* MareaAPI */,
				00274BAC28F7160600EC2D91 /* MareaTidesService.swift */,
			);
			path = MareaTidesService;
			sourceTree = "<group>";
		};
/* End PBXGroup section */

/* Begin PBXNativeTarget section */
		0060009A28DF69EC00B1CCD5 /* Tides */ = {
			isa = PBXNativeTarget;
			buildConfigurationList = 006000BF28DF69EF00B1CCD5 /* Build configuration list for PBXNativeTarget "Tides" */;
			buildPhases = (
				0060009728DF69EC00B1CCD5 /* Sources */,
				0060009828DF69EC00B1CCD5 /* Frameworks */,
				0060009928DF69EC00B1CCD5 /* Resources */,
			);
			buildRules = (
			);
			dependencies = (
			);
			name = Tides;
			packageProductDependencies = (
				0077DBBA28E31F0B00F9DB2C /* Bricolage */,
			);
			productName = Tides;
			productReference = 0060009B28DF69EC00B1CCD5 /* Tides.app */;
			productType = "com.apple.product-type.application";
		};
		006000AA28DF69EF00B1CCD5 /* TidesTests */ = {
			isa = PBXNativeTarget;
			buildConfigurationList = 006000C228DF69EF00B1CCD5 /* Build configuration list for PBXNativeTarget "TidesTests" */;
			buildPhases = (
				006000A728DF69EF00B1CCD5 /* Sources */,
				006000A828DF69EF00B1CCD5 /* Frameworks */,
				006000A928DF69EF00B1CCD5 /* Resources */,
			);
			buildRules = (
			);
			dependencies = (
				006000AD28DF69EF00B1CCD5 /* PBXTargetDependency */,
			);
			name = TidesTests;
			productName = TidesTests;
			productReference = 006000AB28DF69EF00B1CCD5 /* TidesTests.xctest */;
			productType = "com.apple.product-type.bundle.unit-test";
		};
/* End PBXNativeTarget section */

/* Begin PBXProject section */
		0060009328DF69EC00B1CCD5 /* Project object */ = {
			isa = PBXProject;
			attributes = {
				BuildIndependentTargetsInParallel = 1;
				LastSwiftUpdateCheck = 1400;
				LastUpgradeCheck = 1400;
				TargetAttributes = {
					0060009A28DF69EC00B1CCD5 = {
						CreatedOnToolsVersion = 14.0;
					};
					006000AA28DF69EF00B1CCD5 = {
						CreatedOnToolsVersion = 14.0;
						TestTargetID = 0060009A28DF69EC00B1CCD5;
					};
				};
			};
			buildConfigurationList = 0060009628DF69EC00B1CCD5 /* Build configuration list for PBXProject "Tides" */;
			compatibilityVersion = "Xcode 14.0";
			developmentRegion = en;
			hasScannedForEncodings = 0;
			knownRegions = (
				en,
				Base,
			);
			mainGroup = 0060009228DF69EC00B1CCD5;
			packageReferences = (
				0077DBB928E31F0B00F9DB2C /* XCRemoteSwiftPackageReference "Bricolage" */,
			);
			productRefGroup = 0060009C28DF69EC00B1CCD5 /* Products */;
			projectDirPath = "";
			projectRoot = "";
			targets = (
				0060009A28DF69EC00B1CCD5 /* Tides */,
				006000AA28DF69EF00B1CCD5 /* TidesTests */,
			);
		};
/* End PBXProject section */

/* Begin PBXResourcesBuildPhase section */
		0060009928DF69EC00B1CCD5 /* Resources */ = {
			isa = PBXResourcesBuildPhase;
			buildActionMask = 2147483647;
			files = (
				00B992DA28E5DDD300D1D61C /* v2-stations.json in Resources */,
				006000A628DF69EF00B1CCD5 /* Preview Assets.xcassets in Resources */,
				006000A328DF69EF00B1CCD5 /* Assets.xcassets in Resources */,
				00E2D5B228F85A8C00739737 /* v2-stations-NOAA-9415112.json in Resources */,
				00E2D5B828F85FAC00739737 /* v2-tides-station.json in Resources */,
				00E2D5B628F85DDA00739737 /* v2-tides-model.json in Resources */,
			);
			runOnlyForDeploymentPostprocessing = 0;
		};
		006000A928DF69EF00B1CCD5 /* Resources */ = {
			isa = PBXResourcesBuildPhase;
			buildActionMask = 2147483647;
			files = (
			);
			runOnlyForDeploymentPostprocessing = 0;
		};
/* End PBXResourcesBuildPhase section */

/* Begin PBXSourcesBuildPhase section */
		0060009728DF69EC00B1CCD5 /* Sources */ = {
			isa = PBXSourcesBuildPhase;
			buildActionMask = 2147483647;
			files = (
				005891BA28DF75AA004E5346 /* CLAuthorizationStatus+CustomDebugStringConvertible.swift in Sources */,
				00B992D828E4A8CF00D1D61C /* StationListItemView.swift in Sources */,
				00E2D5AE28F847F800739737 /* LocationService.swift in Sources */,
				00274BAD28F7160600EC2D91 /* MareaTidesService.swift in Sources */,
				00F70CB428FC338400B4BFF6 /* PresentableError+EndpointError.swift in Sources */,
				0058196128FC73B40060597D /* MainViewModel.swift in Sources */,
				008E2CA228F6CC5800E8A879 /* TidesPredictionView.swift in Sources */,
				00F0544428E3218100BFB13A /* Marea.swift in Sources */,
				00E2D5BB28F9C92C00739737 /* StationListViewModel.swift in Sources */,
				00274BA928F714A900EC2D91 /* TidesService.swift in Sources */,
				00274BA628F7142B00EC2D91 /* StationSummary.swift in Sources */,
				0058196D28FF0A7F0060597D /* TidesPrediction.swift in Sources */,
				00B992DE28E5EA2800D1D61C /* GetTides.swift in Sources */,
				0060009F28DF69EC00B1CCD5 /* TidesApp.swift in Sources */,
				00274BA228F6D38400EC2D91 /* MainView.swift in Sources */,
				00F70CB228FC32FF00B4BFF6 /* PresentableError.swift in Sources */,
				0058196728FEF5920060597D /* EnvironmentValues.swift in Sources */,
				00274BA428F6D7A500EC2D91 /* StationListView.swift in Sources */,
				00B992DC28E5E37600D1D61C /* GetStation.swift in Sources */,
				008E836628F755BB00F0271C /* TouchGestureModifier.swift in Sources */,
				0058196928FEFB170060597D /* ViewFactory+Preview.swift in Sources */,
				0077DBB828E319A800F9DB2C /* ListStations.swift in Sources */,
				00E2D5B428F85B6E00739737 /* Station.swift in Sources */,
				00274BAB28F7151300EC2D91 /* Coordinate.swift in Sources */,
				008E836428F7559E00F0271C /* Preview.swift in Sources */,
				0058196328FDB7E40060597D /* ViewFactory.swift in Sources */,
				0058196528FDBB9E0060597D /* StationListViewFactory.swift in Sources */,
				00F70CB628FC372700B4BFF6 /* View+Unwrap.swift in Sources */,
				0058196B28FEFC8F0060597D /* Binding+Stub.swift in Sources */,
				00F70CA728FAE4D700B4BFF6 /* View+When.swift in Sources */,
				0077DBB228E05D2E00F9DB2C /* CoreLocationService.swift in Sources */,
			);
			runOnlyForDeploymentPostprocessing = 0;
		};
		006000A728DF69EF00B1CCD5 /* Sources */ = {
			isa = PBXSourcesBuildPhase;
			buildActionMask = 2147483647;
			files = (
				006000B028DF69EF00B1CCD5 /* TidesTests.swift in Sources */,
			);
			runOnlyForDeploymentPostprocessing = 0;
		};
/* End PBXSourcesBuildPhase section */

/* Begin PBXTargetDependency section */
		006000AD28DF69EF00B1CCD5 /* PBXTargetDependency */ = {
			isa = PBXTargetDependency;
			target = 0060009A28DF69EC00B1CCD5 /* Tides */;
			targetProxy = 006000AC28DF69EF00B1CCD5 /* PBXContainerItemProxy */;
		};
/* End PBXTargetDependency section */

/* Begin XCBuildConfiguration section */
		006000BD28DF69EF00B1CCD5 /* Debug */ = {
			isa = XCBuildConfiguration;
			buildSettings = {
				ALWAYS_SEARCH_USER_PATHS = NO;
				CLANG_ANALYZER_NONNULL = YES;
				CLANG_ANALYZER_NUMBER_OBJECT_CONVERSION = YES_AGGRESSIVE;
				CLANG_CXX_LANGUAGE_STANDARD = "gnu++20";
				CLANG_ENABLE_MODULES = YES;
				CLANG_ENABLE_OBJC_ARC = YES;
				CLANG_ENABLE_OBJC_WEAK = YES;
				CLANG_WARN_BLOCK_CAPTURE_AUTORELEASING = YES;
				CLANG_WARN_BOOL_CONVERSION = YES;
				CLANG_WARN_COMMA = YES;
				CLANG_WARN_CONSTANT_CONVERSION = YES;
				CLANG_WARN_DEPRECATED_OBJC_IMPLEMENTATIONS = YES;
				CLANG_WARN_DIRECT_OBJC_ISA_USAGE = YES_ERROR;
				CLANG_WARN_DOCUMENTATION_COMMENTS = YES;
				CLANG_WARN_EMPTY_BODY = YES;
				CLANG_WARN_ENUM_CONVERSION = YES;
				CLANG_WARN_INFINITE_RECURSION = YES;
				CLANG_WARN_INT_CONVERSION = YES;
				CLANG_WARN_NON_LITERAL_NULL_CONVERSION = YES;
				CLANG_WARN_OBJC_IMPLICIT_RETAIN_SELF = YES;
				CLANG_WARN_OBJC_LITERAL_CONVERSION = YES;
				CLANG_WARN_OBJC_ROOT_CLASS = YES_ERROR;
				CLANG_WARN_QUOTED_INCLUDE_IN_FRAMEWORK_HEADER = YES;
				CLANG_WARN_RANGE_LOOP_ANALYSIS = YES;
				CLANG_WARN_STRICT_PROTOTYPES = YES;
				CLANG_WARN_SUSPICIOUS_MOVE = YES;
				CLANG_WARN_UNGUARDED_AVAILABILITY = YES_AGGRESSIVE;
				CLANG_WARN_UNREACHABLE_CODE = YES;
				CLANG_WARN__DUPLICATE_METHOD_MATCH = YES;
				COPY_PHASE_STRIP = NO;
				DEBUG_INFORMATION_FORMAT = dwarf;
				ENABLE_STRICT_OBJC_MSGSEND = YES;
				ENABLE_TESTABILITY = YES;
				GCC_C_LANGUAGE_STANDARD = gnu11;
				GCC_DYNAMIC_NO_PIC = NO;
				GCC_NO_COMMON_BLOCKS = YES;
				GCC_OPTIMIZATION_LEVEL = 0;
				GCC_PREPROCESSOR_DEFINITIONS = (
					"DEBUG=1",
					"$(inherited)",
				);
				GCC_WARN_64_TO_32_BIT_CONVERSION = YES;
				GCC_WARN_ABOUT_RETURN_TYPE = YES_ERROR;
				GCC_WARN_UNDECLARED_SELECTOR = YES;
				GCC_WARN_UNINITIALIZED_AUTOS = YES_AGGRESSIVE;
				GCC_WARN_UNUSED_FUNCTION = YES;
				GCC_WARN_UNUSED_VARIABLE = YES;
				IPHONEOS_DEPLOYMENT_TARGET = 16.0;
				MTL_ENABLE_DEBUG_INFO = INCLUDE_SOURCE;
				MTL_FAST_MATH = YES;
				ONLY_ACTIVE_ARCH = YES;
				SDKROOT = iphoneos;
				SWIFT_ACTIVE_COMPILATION_CONDITIONS = DEBUG;
				SWIFT_OPTIMIZATION_LEVEL = "-Onone";
			};
			name = Debug;
		};
		006000BE28DF69EF00B1CCD5 /* Release */ = {
			isa = XCBuildConfiguration;
			buildSettings = {
				ALWAYS_SEARCH_USER_PATHS = NO;
				CLANG_ANALYZER_NONNULL = YES;
				CLANG_ANALYZER_NUMBER_OBJECT_CONVERSION = YES_AGGRESSIVE;
				CLANG_CXX_LANGUAGE_STANDARD = "gnu++20";
				CLANG_ENABLE_MODULES = YES;
				CLANG_ENABLE_OBJC_ARC = YES;
				CLANG_ENABLE_OBJC_WEAK = YES;
				CLANG_WARN_BLOCK_CAPTURE_AUTORELEASING = YES;
				CLANG_WARN_BOOL_CONVERSION = YES;
				CLANG_WARN_COMMA = YES;
				CLANG_WARN_CONSTANT_CONVERSION = YES;
				CLANG_WARN_DEPRECATED_OBJC_IMPLEMENTATIONS = YES;
				CLANG_WARN_DIRECT_OBJC_ISA_USAGE = YES_ERROR;
				CLANG_WARN_DOCUMENTATION_COMMENTS = YES;
				CLANG_WARN_EMPTY_BODY = YES;
				CLANG_WARN_ENUM_CONVERSION = YES;
				CLANG_WARN_INFINITE_RECURSION = YES;
				CLANG_WARN_INT_CONVERSION = YES;
				CLANG_WARN_NON_LITERAL_NULL_CONVERSION = YES;
				CLANG_WARN_OBJC_IMPLICIT_RETAIN_SELF = YES;
				CLANG_WARN_OBJC_LITERAL_CONVERSION = YES;
				CLANG_WARN_OBJC_ROOT_CLASS = YES_ERROR;
				CLANG_WARN_QUOTED_INCLUDE_IN_FRAMEWORK_HEADER = YES;
				CLANG_WARN_RANGE_LOOP_ANALYSIS = YES;
				CLANG_WARN_STRICT_PROTOTYPES = YES;
				CLANG_WARN_SUSPICIOUS_MOVE = YES;
				CLANG_WARN_UNGUARDED_AVAILABILITY = YES_AGGRESSIVE;
				CLANG_WARN_UNREACHABLE_CODE = YES;
				CLANG_WARN__DUPLICATE_METHOD_MATCH = YES;
				COPY_PHASE_STRIP = NO;
				DEBUG_INFORMATION_FORMAT = "dwarf-with-dsym";
				ENABLE_NS_ASSERTIONS = NO;
				ENABLE_STRICT_OBJC_MSGSEND = YES;
				GCC_C_LANGUAGE_STANDARD = gnu11;
				GCC_NO_COMMON_BLOCKS = YES;
				GCC_WARN_64_TO_32_BIT_CONVERSION = YES;
				GCC_WARN_ABOUT_RETURN_TYPE = YES_ERROR;
				GCC_WARN_UNDECLARED_SELECTOR = YES;
				GCC_WARN_UNINITIALIZED_AUTOS = YES_AGGRESSIVE;
				GCC_WARN_UNUSED_FUNCTION = YES;
				GCC_WARN_UNUSED_VARIABLE = YES;
				IPHONEOS_DEPLOYMENT_TARGET = 16.0;
				MTL_ENABLE_DEBUG_INFO = NO;
				MTL_FAST_MATH = YES;
				SDKROOT = iphoneos;
				SWIFT_COMPILATION_MODE = wholemodule;
				SWIFT_OPTIMIZATION_LEVEL = "-O";
				VALIDATE_PRODUCT = YES;
			};
			name = Release;
		};
		006000C028DF69EF00B1CCD5 /* Debug */ = {
			isa = XCBuildConfiguration;
			buildSettings = {
				ASSETCATALOG_COMPILER_APPICON_NAME = AppIcon;
				ASSETCATALOG_COMPILER_GLOBAL_ACCENT_COLOR_NAME = AccentColor;
				CODE_SIGN_STYLE = Automatic;
				CURRENT_PROJECT_VERSION = 1;
				DEVELOPMENT_ASSET_PATHS = "\"Tides/Preview Content\"";
				DEVELOPMENT_TEAM = C689UAQQW5;
				ENABLE_PREVIEWS = YES;
				GENERATE_INFOPLIST_FILE = YES;
				INFOPLIST_KEY_NSLocationWhenInUseUsageDescription = "We needz your data!";
				INFOPLIST_KEY_UIApplicationSceneManifest_Generation = YES;
				INFOPLIST_KEY_UIApplicationSupportsIndirectInputEvents = YES;
				INFOPLIST_KEY_UILaunchScreen_Generation = YES;
				INFOPLIST_KEY_UISupportedInterfaceOrientations_iPad = "UIInterfaceOrientationPortrait UIInterfaceOrientationPortraitUpsideDown UIInterfaceOrientationLandscapeLeft UIInterfaceOrientationLandscapeRight";
				INFOPLIST_KEY_UISupportedInterfaceOrientations_iPhone = "UIInterfaceOrientationPortrait UIInterfaceOrientationLandscapeLeft UIInterfaceOrientationLandscapeRight";
				LD_RUNPATH_SEARCH_PATHS = (
					"$(inherited)",
					"@executable_path/Frameworks",
				);
				MARKETING_VERSION = 1.0;
				PRODUCT_BUNDLE_IDENTIFIER = com.thumbspark.Tides;
				PRODUCT_NAME = "$(TARGET_NAME)";
				SWIFT_EMIT_LOC_STRINGS = YES;
				SWIFT_VERSION = 5.0;
				TARGETED_DEVICE_FAMILY = "1,2";
			};
			name = Debug;
		};
		006000C128DF69EF00B1CCD5 /* Release */ = {
			isa = XCBuildConfiguration;
			buildSettings = {
				ASSETCATALOG_COMPILER_APPICON_NAME = AppIcon;
				ASSETCATALOG_COMPILER_GLOBAL_ACCENT_COLOR_NAME = AccentColor;
				CODE_SIGN_STYLE = Automatic;
				CURRENT_PROJECT_VERSION = 1;
				DEVELOPMENT_ASSET_PATHS = "\"Tides/Preview Content\"";
				DEVELOPMENT_TEAM = C689UAQQW5;
				ENABLE_PREVIEWS = YES;
				GENERATE_INFOPLIST_FILE = YES;
				INFOPLIST_KEY_NSLocationWhenInUseUsageDescription = "We needz your data!";
				INFOPLIST_KEY_UIApplicationSceneManifest_Generation = YES;
				INFOPLIST_KEY_UIApplicationSupportsIndirectInputEvents = YES;
				INFOPLIST_KEY_UILaunchScreen_Generation = YES;
				INFOPLIST_KEY_UISupportedInterfaceOrientations_iPad = "UIInterfaceOrientationPortrait UIInterfaceOrientationPortraitUpsideDown UIInterfaceOrientationLandscapeLeft UIInterfaceOrientationLandscapeRight";
				INFOPLIST_KEY_UISupportedInterfaceOrientations_iPhone = "UIInterfaceOrientationPortrait UIInterfaceOrientationLandscapeLeft UIInterfaceOrientationLandscapeRight";
				LD_RUNPATH_SEARCH_PATHS = (
					"$(inherited)",
					"@executable_path/Frameworks",
				);
				MARKETING_VERSION = 1.0;
				PRODUCT_BUNDLE_IDENTIFIER = com.thumbspark.Tides;
				PRODUCT_NAME = "$(TARGET_NAME)";
				SWIFT_EMIT_LOC_STRINGS = YES;
				SWIFT_VERSION = 5.0;
				TARGETED_DEVICE_FAMILY = "1,2";
			};
			name = Release;
		};
		006000C328DF69EF00B1CCD5 /* Debug */ = {
			isa = XCBuildConfiguration;
			buildSettings = {
				ALWAYS_EMBED_SWIFT_STANDARD_LIBRARIES = YES;
				BUNDLE_LOADER = "$(TEST_HOST)";
				CODE_SIGN_STYLE = Automatic;
				CURRENT_PROJECT_VERSION = 1;
				DEVELOPMENT_TEAM = C689UAQQW5;
				GENERATE_INFOPLIST_FILE = YES;
				IPHONEOS_DEPLOYMENT_TARGET = 16.0;
				MARKETING_VERSION = 1.0;
				PRODUCT_BUNDLE_IDENTIFIER = com.thumbspark.TidesTests;
				PRODUCT_NAME = "$(TARGET_NAME)";
				SWIFT_EMIT_LOC_STRINGS = NO;
				SWIFT_VERSION = 5.0;
				TARGETED_DEVICE_FAMILY = "1,2";
				TEST_HOST = "$(BUILT_PRODUCTS_DIR)/Tides.app/$(BUNDLE_EXECUTABLE_FOLDER_PATH)/Tides";
			};
			name = Debug;
		};
		006000C428DF69EF00B1CCD5 /* Release */ = {
			isa = XCBuildConfiguration;
			buildSettings = {
				ALWAYS_EMBED_SWIFT_STANDARD_LIBRARIES = YES;
				BUNDLE_LOADER = "$(TEST_HOST)";
				CODE_SIGN_STYLE = Automatic;
				CURRENT_PROJECT_VERSION = 1;
				DEVELOPMENT_TEAM = C689UAQQW5;
				GENERATE_INFOPLIST_FILE = YES;
				IPHONEOS_DEPLOYMENT_TARGET = 16.0;
				MARKETING_VERSION = 1.0;
				PRODUCT_BUNDLE_IDENTIFIER = com.thumbspark.TidesTests;
				PRODUCT_NAME = "$(TARGET_NAME)";
				SWIFT_EMIT_LOC_STRINGS = NO;
				SWIFT_VERSION = 5.0;
				TARGETED_DEVICE_FAMILY = "1,2";
				TEST_HOST = "$(BUILT_PRODUCTS_DIR)/Tides.app/$(BUNDLE_EXECUTABLE_FOLDER_PATH)/Tides";
			};
			name = Release;
		};
/* End XCBuildConfiguration section */

/* Begin XCConfigurationList section */
		0060009628DF69EC00B1CCD5 /* Build configuration list for PBXProject "Tides" */ = {
			isa = XCConfigurationList;
			buildConfigurations = (
				006000BD28DF69EF00B1CCD5 /* Debug */,
				006000BE28DF69EF00B1CCD5 /* Release */,
			);
			defaultConfigurationIsVisible = 0;
			defaultConfigurationName = Release;
		};
		006000BF28DF69EF00B1CCD5 /* Build configuration list for PBXNativeTarget "Tides" */ = {
			isa = XCConfigurationList;
			buildConfigurations = (
				006000C028DF69EF00B1CCD5 /* Debug */,
				006000C128DF69EF00B1CCD5 /* Release */,
			);
			defaultConfigurationIsVisible = 0;
			defaultConfigurationName = Release;
		};
		006000C228DF69EF00B1CCD5 /* Build configuration list for PBXNativeTarget "TidesTests" */ = {
			isa = XCConfigurationList;
			buildConfigurations = (
				006000C328DF69EF00B1CCD5 /* Debug */,
				006000C428DF69EF00B1CCD5 /* Release */,
			);
			defaultConfigurationIsVisible = 0;
			defaultConfigurationName = Release;
		};
/* End XCConfigurationList section */

/* Begin XCRemoteSwiftPackageReference section */
		0077DBB928E31F0B00F9DB2C /* XCRemoteSwiftPackageReference "Bricolage" */ = {
			isa = XCRemoteSwiftPackageReference;
			repositoryURL = "git@github.com:rcharlton/Bricolage.git";
			requirement = {
				branch = main;
				kind = branch;
			};
		};
/* End XCRemoteSwiftPackageReference section */

/* Begin XCSwiftPackageProductDependency section */
		0077DBBA28E31F0B00F9DB2C /* Bricolage */ = {
			isa = XCSwiftPackageProductDependency;
			package = 0077DBB928E31F0B00F9DB2C /* XCRemoteSwiftPackageReference "Bricolage" */;
			productName = Bricolage;
		};
/* End XCSwiftPackageProductDependency section */
	};
	rootObject = 0060009328DF69EC00B1CCD5 /* Project object */;
}
